// !$*UTF8*$!
{
	archiveVersion = 1;
	classes = {
	};
	objectVersion = 50;
	objects = {

/* Begin PBXBuildFile section */
		111C1C0022140F120058A7FE /* Episode.swift in Sources */ = {isa = PBXBuildFile; fileRef = 111C1BFF22140F120058A7FE /* Episode.swift */; };
		111C1C03221412350058A7FE /* EpisodeCell.swift in Sources */ = {isa = PBXBuildFile; fileRef = 111C1C01221412350058A7FE /* EpisodeCell.swift */; };
		111C1C04221412350058A7FE /* EpisodeCell.xib in Resources */ = {isa = PBXBuildFile; fileRef = 111C1C02221412350058A7FE /* EpisodeCell.xib */; };
		1130F95821FEB2590056D7BB /* PodcastsSearchController.swift in Sources */ = {isa = PBXBuildFile; fileRef = 1130F95721FEB2590056D7BB /* PodcastsSearchController.swift */; };
		1130F95A21FEB3690056D7BB /* Podcast.swift in Sources */ = {isa = PBXBuildFile; fileRef = 1130F95921FEB3690056D7BB /* Podcast.swift */; };
		1130F95E21FECF680056D7BB /* APIService.swift in Sources */ = {isa = PBXBuildFile; fileRef = 1130F95D21FECF680056D7BB /* APIService.swift */; };
		1130F96521FEE8EA0056D7BB /* PodcastCell.xib in Resources */ = {isa = PBXBuildFile; fileRef = 1130F96421FEE8EA0056D7BB /* PodcastCell.xib */; };
		1130F96721FEE9690056D7BB /* PodcastCell.swift in Sources */ = {isa = PBXBuildFile; fileRef = 1130F96621FEE9690056D7BB /* PodcastCell.swift */; };
		1130F969220323CE0056D7BB /* EpisodesController.swift in Sources */ = {isa = PBXBuildFile; fileRef = 1130F968220323CE0056D7BB /* EpisodesController.swift */; };
		1131965C21D5F34D00B3D1C1 /* AppDelegate.swift in Sources */ = {isa = PBXBuildFile; fileRef = 1131965B21D5F34D00B3D1C1 /* AppDelegate.swift */; };
		1131965E21D5F34D00B3D1C1 /* ViewController.swift in Sources */ = {isa = PBXBuildFile; fileRef = 1131965D21D5F34D00B3D1C1 /* ViewController.swift */; };
		1131966321D5F34E00B3D1C1 /* Assets.xcassets in Resources */ = {isa = PBXBuildFile; fileRef = 1131966221D5F34E00B3D1C1 /* Assets.xcassets */; };
		1131966621D5F34E00B3D1C1 /* LaunchScreen.storyboard in Resources */ = {isa = PBXBuildFile; fileRef = 1131966421D5F34E00B3D1C1 /* LaunchScreen.storyboard */; };
		1131966E21D5F42300B3D1C1 /* MainTabBarController.swift in Sources */ = {isa = PBXBuildFile; fileRef = 1131966D21D5F42300B3D1C1 /* MainTabBarController.swift */; };
		114E3A5D2227868300EC5A05 /* String.swift in Sources */ = {isa = PBXBuildFile; fileRef = 114E3A5C2227868300EC5A05 /* String.swift */; };
		114E3A5F2227899400EC5A05 /* RSSFeed.swift in Sources */ = {isa = PBXBuildFile; fileRef = 114E3A5E2227899400EC5A05 /* RSSFeed.swift */; };
		DBEFFF68A9A9F5700B4D8C8F /* Pods_LBTAPodcast.framework in Frameworks */ = {isa = PBXBuildFile; fileRef = 1555A0CF81E348918744547B /* Pods_LBTAPodcast.framework */; };
/* End PBXBuildFile section */

/* Begin PBXFileReference section */
		111C1BFF22140F120058A7FE /* Episode.swift */ = {isa = PBXFileReference; lastKnownFileType = sourcecode.swift; path = Episode.swift; sourceTree = "<group>"; };
		111C1C01221412350058A7FE /* EpisodeCell.swift */ = {isa = PBXFileReference; lastKnownFileType = sourcecode.swift; path = EpisodeCell.swift; sourceTree = "<group>"; };
		111C1C02221412350058A7FE /* EpisodeCell.xib */ = {isa = PBXFileReference; lastKnownFileType = file.xib; path = EpisodeCell.xib; sourceTree = "<group>"; };
		1130F95721FEB2590056D7BB /* PodcastsSearchController.swift */ = {isa = PBXFileReference; lastKnownFileType = sourcecode.swift; path = PodcastsSearchController.swift; sourceTree = "<group>"; };
		1130F95921FEB3690056D7BB /* Podcast.swift */ = {isa = PBXFileReference; lastKnownFileType = sourcecode.swift; path = Podcast.swift; sourceTree = "<group>"; };
		1130F95D21FECF680056D7BB /* APIService.swift */ = {isa = PBXFileReference; lastKnownFileType = sourcecode.swift; path = APIService.swift; sourceTree = "<group>"; };
		1130F96421FEE8EA0056D7BB /* PodcastCell.xib */ = {isa = PBXFileReference; lastKnownFileType = file.xib; path = PodcastCell.xib; sourceTree = "<group>"; };
		1130F96621FEE9690056D7BB /* PodcastCell.swift */ = {isa = PBXFileReference; lastKnownFileType = sourcecode.swift; path = PodcastCell.swift; sourceTree = "<group>"; };
		1130F968220323CE0056D7BB /* EpisodesController.swift */ = {isa = PBXFileReference; lastKnownFileType = sourcecode.swift; path = EpisodesController.swift; sourceTree = "<group>"; };
		1131965821D5F34D00B3D1C1 /* LBTAPodcast.app */ = {isa = PBXFileReference; explicitFileType = wrapper.application; includeInIndex = 0; path = LBTAPodcast.app; sourceTree = BUILT_PRODUCTS_DIR; };
		1131965B21D5F34D00B3D1C1 /* AppDelegate.swift */ = {isa = PBXFileReference; lastKnownFileType = sourcecode.swift; path = AppDelegate.swift; sourceTree = "<group>"; };
		1131965D21D5F34D00B3D1C1 /* ViewController.swift */ = {isa = PBXFileReference; lastKnownFileType = sourcecode.swift; path = ViewController.swift; sourceTree = "<group>"; };
		1131966221D5F34E00B3D1C1 /* Assets.xcassets */ = {isa = PBXFileReference; lastKnownFileType = folder.assetcatalog; path = Assets.xcassets; sourceTree = "<group>"; };
		1131966521D5F34E00B3D1C1 /* Base */ = {isa = PBXFileReference; lastKnownFileType = file.storyboard; name = Base; path = Base.lproj/LaunchScreen.storyboard; sourceTree = "<group>"; };
		1131966721D5F34E00B3D1C1 /* Info.plist */ = {isa = PBXFileReference; lastKnownFileType = text.plist.xml; path = Info.plist; sourceTree = "<group>"; };
		1131966D21D5F42300B3D1C1 /* MainTabBarController.swift */ = {isa = PBXFileReference; lastKnownFileType = sourcecode.swift; path = MainTabBarController.swift; sourceTree = "<group>"; };
		114E3A5C2227868300EC5A05 /* String.swift */ = {isa = PBXFileReference; lastKnownFileType = sourcecode.swift; path = String.swift; sourceTree = "<group>"; };
		114E3A5E2227899400EC5A05 /* RSSFeed.swift */ = {isa = PBXFileReference; lastKnownFileType = sourcecode.swift; path = RSSFeed.swift; sourceTree = "<group>"; };
		1555A0CF81E348918744547B /* Pods_LBTAPodcast.framework */ = {isa = PBXFileReference; explicitFileType = wrapper.framework; includeInIndex = 0; path = Pods_LBTAPodcast.framework; sourceTree = BUILT_PRODUCTS_DIR; };
		7FE621B5FDA0C3103F88F55C /* Pods-LBTAPodcast.release.xcconfig */ = {isa = PBXFileReference; includeInIndex = 1; lastKnownFileType = text.xcconfig; name = "Pods-LBTAPodcast.release.xcconfig"; path = "Pods/Target Support Files/Pods-LBTAPodcast/Pods-LBTAPodcast.release.xcconfig"; sourceTree = "<group>"; };
		AB0F9E2F924CEB7F69109E44 /* Pods-LBTAPodcast.debug.xcconfig */ = {isa = PBXFileReference; includeInIndex = 1; lastKnownFileType = text.xcconfig; name = "Pods-LBTAPodcast.debug.xcconfig"; path = "Pods/Target Support Files/Pods-LBTAPodcast/Pods-LBTAPodcast.debug.xcconfig"; sourceTree = "<group>"; };
/* End PBXFileReference section */

/* Begin PBXFrameworksBuildPhase section */
		1131965521D5F34D00B3D1C1 /* Frameworks */ = {
			isa = PBXFrameworksBuildPhase;
			buildActionMask = 2147483647;
			files = (
				DBEFFF68A9A9F5700B4D8C8F /* Pods_LBTAPodcast.framework in Frameworks */,
			);
			runOnlyForDeploymentPostprocessing = 0;
		};
/* End PBXFrameworksBuildPhase section */

/* Begin PBXGroup section */
		1130F95621FEB23B0056D7BB /* Controllers */ = {
			isa = PBXGroup;
			children = (
				1130F95721FEB2590056D7BB /* PodcastsSearchController.swift */,
				1130F968220323CE0056D7BB /* EpisodesController.swift */,
			);
			path = Controllers;
			sourceTree = "<group>";
		};
		1130F95B21FEB3870056D7BB /* Model */ = {
			isa = PBXGroup;
			children = (
				1130F95921FEB3690056D7BB /* Podcast.swift */,
				111C1BFF22140F120058A7FE /* Episode.swift */,
			);
			path = Model;
			sourceTree = "<group>";
		};
		1130F95C21FECF580056D7BB /* APIService */ = {
			isa = PBXGroup;
			children = (
				1130F95D21FECF680056D7BB /* APIService.swift */,
			);
			path = APIService;
			sourceTree = "<group>";
		};
		1130F95F21FED61B0056D7BB /* Views */ = {
			isa = PBXGroup;
			children = (
				1130F96421FEE8EA0056D7BB /* PodcastCell.xib */,
				1130F96621FEE9690056D7BB /* PodcastCell.swift */,
				111C1C01221412350058A7FE /* EpisodeCell.swift */,
				111C1C02221412350058A7FE /* EpisodeCell.xib */,
			);
			path = Views;
			sourceTree = "<group>";
		};
		1131964F21D5F34D00B3D1C1 = {
			isa = PBXGroup;
			children = (
				1131965A21D5F34D00B3D1C1 /* LBTAPodcast */,
				1131965921D5F34D00B3D1C1 /* Products */,
				FF91724B0FFF1D3E67B04287 /* Pods */,
				C9797BDE81CA8A9BBC62BE73 /* Frameworks */,
			);
			sourceTree = "<group>";
		};
		1131965921D5F34D00B3D1C1 /* Products */ = {
			isa = PBXGroup;
			children = (
				1131965821D5F34D00B3D1C1 /* LBTAPodcast.app */,
			);
			name = Products;
			sourceTree = "<group>";
		};
		1131965A21D5F34D00B3D1C1 /* LBTAPodcast */ = {
			isa = PBXGroup;
			children = (
				114E3A5B2227867200EC5A05 /* Extensions */,
				1130F95C21FECF580056D7BB /* APIService */,
				1130F95B21FEB3870056D7BB /* Model */,
				1130F95F21FED61B0056D7BB /* Views */,
				1130F95621FEB23B0056D7BB /* Controllers */,
				1131965B21D5F34D00B3D1C1 /* AppDelegate.swift */,
				1131965D21D5F34D00B3D1C1 /* ViewController.swift */,
				1131966221D5F34E00B3D1C1 /* Assets.xcassets */,
				1131966421D5F34E00B3D1C1 /* LaunchScreen.storyboard */,
				1131966721D5F34E00B3D1C1 /* Info.plist */,
				1131966D21D5F42300B3D1C1 /* MainTabBarController.swift */,
			);
			path = LBTAPodcast;
			sourceTree = "<group>";
		};
		114E3A5B2227867200EC5A05 /* Extensions */ = {
			isa = PBXGroup;
			children = (
				114E3A5C2227868300EC5A05 /* String.swift */,
				114E3A5E2227899400EC5A05 /* RSSFeed.swift */,
			);
			path = Extensions;
			sourceTree = "<group>";
		};
		C9797BDE81CA8A9BBC62BE73 /* Frameworks */ = {
			isa = PBXGroup;
			children = (
				1555A0CF81E348918744547B /* Pods_LBTAPodcast.framework */,
			);
			name = Frameworks;
			sourceTree = "<group>";
		};
		FF91724B0FFF1D3E67B04287 /* Pods */ = {
			isa = PBXGroup;
			children = (
				AB0F9E2F924CEB7F69109E44 /* Pods-LBTAPodcast.debug.xcconfig */,
				7FE621B5FDA0C3103F88F55C /* Pods-LBTAPodcast.release.xcconfig */,
			);
			name = Pods;
			sourceTree = "<group>";
		};
/* End PBXGroup section */

/* Begin PBXNativeTarget section */
		1131965721D5F34D00B3D1C1 /* LBTAPodcast */ = {
			isa = PBXNativeTarget;
			buildConfigurationList = 1131966A21D5F34F00B3D1C1 /* Build configuration list for PBXNativeTarget "LBTAPodcast" */;
			buildPhases = (
				8771F6F983432838547BFA5D /* [CP] Check Pods Manifest.lock */,
				1131965421D5F34D00B3D1C1 /* Sources */,
				1131965521D5F34D00B3D1C1 /* Frameworks */,
				1131965621D5F34D00B3D1C1 /* Resources */,
				ECA878AA4765B5638A821D4D /* [CP] Embed Pods Frameworks */,
			);
			buildRules = (
			);
			dependencies = (
			);
			name = LBTAPodcast;
			productName = LBTAPodcast;
			productReference = 1131965821D5F34D00B3D1C1 /* LBTAPodcast.app */;
			productType = "com.apple.product-type.application";
		};
/* End PBXNativeTarget section */

/* Begin PBXProject section */
		1131965021D5F34D00B3D1C1 /* Project object */ = {
			isa = PBXProject;
			attributes = {
				LastSwiftUpdateCheck = 1010;
				LastUpgradeCheck = 1010;
				ORGANIZATIONNAME = "Daniel Aditya Istyana";
				TargetAttributes = {
					1131965721D5F34D00B3D1C1 = {
						CreatedOnToolsVersion = 10.1;
					};
				};
			};
			buildConfigurationList = 1131965321D5F34D00B3D1C1 /* Build configuration list for PBXProject "LBTAPodcast" */;
			compatibilityVersion = "Xcode 9.3";
			developmentRegion = en;
			hasScannedForEncodings = 0;
			knownRegions = (
				en,
				Base,
			);
			mainGroup = 1131964F21D5F34D00B3D1C1;
			productRefGroup = 1131965921D5F34D00B3D1C1 /* Products */;
			projectDirPath = "";
			projectRoot = "";
			targets = (
				1131965721D5F34D00B3D1C1 /* LBTAPodcast */,
			);
		};
/* End PBXProject section */

/* Begin PBXResourcesBuildPhase section */
		1131965621D5F34D00B3D1C1 /* Resources */ = {
			isa = PBXResourcesBuildPhase;
			buildActionMask = 2147483647;
			files = (
				1131966621D5F34E00B3D1C1 /* LaunchScreen.storyboard in Resources */,
				111C1C04221412350058A7FE /* EpisodeCell.xib in Resources */,
				1131966321D5F34E00B3D1C1 /* Assets.xcassets in Resources */,
				1130F96521FEE8EA0056D7BB /* PodcastCell.xib in Resources */,
			);
			runOnlyForDeploymentPostprocessing = 0;
		};
/* End PBXResourcesBuildPhase section */

/* Begin PBXShellScriptBuildPhase section */
		8771F6F983432838547BFA5D /* [CP] Check Pods Manifest.lock */ = {
			isa = PBXShellScriptBuildPhase;
			buildActionMask = 2147483647;
			files = (
			);
			inputFileListPaths = (
			);
			inputPaths = (
				"${PODS_PODFILE_DIR_PATH}/Podfile.lock",
				"${PODS_ROOT}/Manifest.lock",
			);
			name = "[CP] Check Pods Manifest.lock";
			outputFileListPaths = (
			);
			outputPaths = (
				"$(DERIVED_FILE_DIR)/Pods-LBTAPodcast-checkManifestLockResult.txt",
			);
			runOnlyForDeploymentPostprocessing = 0;
			shellPath = /bin/sh;
			shellScript = "diff \"${PODS_PODFILE_DIR_PATH}/Podfile.lock\" \"${PODS_ROOT}/Manifest.lock\" > /dev/null\nif [ $? != 0 ] ; then\n    # print error to STDERR\n    echo \"error: The sandbox is not in sync with the Podfile.lock. Run 'pod install' or update your CocoaPods installation.\" >&2\n    exit 1\nfi\n# This output is used by Xcode 'outputs' to avoid re-running this script phase.\necho \"SUCCESS\" > \"${SCRIPT_OUTPUT_FILE_0}\"\n";
			showEnvVarsInLog = 0;
		};
		ECA878AA4765B5638A821D4D /* [CP] Embed Pods Frameworks */ = {
			isa = PBXShellScriptBuildPhase;
			buildActionMask = 2147483647;
			files = (
			);
			inputFileListPaths = (
			);
			inputPaths = (
				"${SRCROOT}/Pods/Target Support Files/Pods-LBTAPodcast/Pods-LBTAPodcast-frameworks.sh",
				"${BUILT_PRODUCTS_DIR}/Alamofire/Alamofire.framework",
				"${BUILT_PRODUCTS_DIR}/FeedKit/FeedKit.framework",
				"${BUILT_PRODUCTS_DIR}/SDWebImage/SDWebImage.framework",
			);
			name = "[CP] Embed Pods Frameworks";
			outputFileListPaths = (
			);
			outputPaths = (
				"${TARGET_BUILD_DIR}/${FRAMEWORKS_FOLDER_PATH}/Alamofire.framework",
				"${TARGET_BUILD_DIR}/${FRAMEWORKS_FOLDER_PATH}/FeedKit.framework",
				"${TARGET_BUILD_DIR}/${FRAMEWORKS_FOLDER_PATH}/SDWebImage.framework",
			);
			runOnlyForDeploymentPostprocessing = 0;
			shellPath = /bin/sh;
			shellScript = "\"${SRCROOT}/Pods/Target Support Files/Pods-LBTAPodcast/Pods-LBTAPodcast-frameworks.sh\"\n";
			showEnvVarsInLog = 0;
		};
/* End PBXShellScriptBuildPhase section */

/* Begin PBXSourcesBuildPhase section */
		1131965421D5F34D00B3D1C1 /* Sources */ = {
			isa = PBXSourcesBuildPhase;
			buildActionMask = 2147483647;
			files = (
				114E3A5F2227899400EC5A05 /* RSSFeed.swift in Sources */,
				1130F95821FEB2590056D7BB /* PodcastsSearchController.swift in Sources */,
				114E3A5D2227868300EC5A05 /* String.swift in Sources */,
				1131965E21D5F34D00B3D1C1 /* ViewController.swift in Sources */,
				1131965C21D5F34D00B3D1C1 /* AppDelegate.swift in Sources */,
				1130F969220323CE0056D7BB /* EpisodesController.swift in Sources */,
				1131966E21D5F42300B3D1C1 /* MainTabBarController.swift in Sources */,
				111C1C03221412350058A7FE /* EpisodeCell.swift in Sources */,
				1130F95E21FECF680056D7BB /* APIService.swift in Sources */,
				1130F95A21FEB3690056D7BB /* Podcast.swift in Sources */,
				111C1C0022140F120058A7FE /* Episode.swift in Sources */,
				1130F96721FEE9690056D7BB /* PodcastCell.swift in Sources */,
			);
			runOnlyForDeploymentPostprocessing = 0;
		};
/* End PBXSourcesBuildPhase section */

/* Begin PBXVariantGroup section */
		1131966421D5F34E00B3D1C1 /* LaunchScreen.storyboard */ = {
			isa = PBXVariantGroup;
			children = (
				1131966521D5F34E00B3D1C1 /* Base */,
			);
			name = LaunchScreen.storyboard;
			sourceTree = "<group>";
		};
/* End PBXVariantGroup section */

/* Begin XCBuildConfiguration section */
		1131966821D5F34F00B3D1C1 /* Debug */ = {
			isa = XCBuildConfiguration;
			buildSettings = {
				ALWAYS_SEARCH_USER_PATHS = NO;
				CLANG_ANALYZER_NONNULL = YES;
				CLANG_ANALYZER_NUMBER_OBJECT_CONVERSION = YES_AGGRESSIVE;
				CLANG_CXX_LANGUAGE_STANDARD = "gnu++14";
				CLANG_CXX_LIBRARY = "libc++";
				CLANG_ENABLE_MODULES = YES;
				CLANG_ENABLE_OBJC_ARC = YES;
				CLANG_ENABLE_OBJC_WEAK = YES;
				CLANG_WARN_BLOCK_CAPTURE_AUTORELEASING = YES;
				CLANG_WARN_BOOL_CONVERSION = YES;
				CLANG_WARN_COMMA = YES;
				CLANG_WARN_CONSTANT_CONVERSION = YES;
				CLANG_WARN_DEPRECATED_OBJC_IMPLEMENTATIONS = YES;
				CLANG_WARN_DIRECT_OBJC_ISA_USAGE = YES_ERROR;
				CLANG_WARN_DOCUMENTATION_COMMENTS = YES;
				CLANG_WARN_EMPTY_BODY = YES;
				CLANG_WARN_ENUM_CONVERSION = YES;
				CLANG_WARN_INFINITE_RECURSION = YES;
				CLANG_WARN_INT_CONVERSION = YES;
				CLANG_WARN_NON_LITERAL_NULL_CONVERSION = YES;
				CLANG_WARN_OBJC_IMPLICIT_RETAIN_SELF = YES;
				CLANG_WARN_OBJC_LITERAL_CONVERSION = YES;
				CLANG_WARN_OBJC_ROOT_CLASS = YES_ERROR;
				CLANG_WARN_RANGE_LOOP_ANALYSIS = YES;
				CLANG_WARN_STRICT_PROTOTYPES = YES;
				CLANG_WARN_SUSPICIOUS_MOVE = YES;
				CLANG_WARN_UNGUARDED_AVAILABILITY = YES_AGGRESSIVE;
				CLANG_WARN_UNREACHABLE_CODE = YES;
				CLANG_WARN__DUPLICATE_METHOD_MATCH = YES;
				CODE_SIGN_IDENTITY = "iPhone Developer";
				COPY_PHASE_STRIP = NO;
				DEBUG_INFORMATION_FORMAT = dwarf;
				ENABLE_STRICT_OBJC_MSGSEND = YES;
				ENABLE_TESTABILITY = YES;
				GCC_C_LANGUAGE_STANDARD = gnu11;
				GCC_DYNAMIC_NO_PIC = NO;
				GCC_NO_COMMON_BLOCKS = YES;
				GCC_OPTIMIZATION_LEVEL = 0;
				GCC_PREPROCESSOR_DEFINITIONS = (
					"DEBUG=1",
					"$(inherited)",
				);
				GCC_WARN_64_TO_32_BIT_CONVERSION = YES;
				GCC_WARN_ABOUT_RETURN_TYPE = YES_ERROR;
				GCC_WARN_UNDECLARED_SELECTOR = YES;
				GCC_WARN_UNINITIALIZED_AUTOS = YES_AGGRESSIVE;
				GCC_WARN_UNUSED_FUNCTION = YES;
				GCC_WARN_UNUSED_VARIABLE = YES;
				IPHONEOS_DEPLOYMENT_TARGET = 12.1;
				MTL_ENABLE_DEBUG_INFO = INCLUDE_SOURCE;
				MTL_FAST_MATH = YES;
				ONLY_ACTIVE_ARCH = YES;
				SDKROOT = iphoneos;
				SWIFT_ACTIVE_COMPILATION_CONDITIONS = DEBUG;
				SWIFT_OPTIMIZATION_LEVEL = "-Onone";
			};
			name = Debug;
		};
		1131966921D5F34F00B3D1C1 /* Release */ = {
			isa = XCBuildConfiguration;
			buildSettings = {
				ALWAYS_SEARCH_USER_PATHS = NO;
				CLANG_ANALYZER_NONNULL = YES;
				CLANG_ANALYZER_NUMBER_OBJECT_CONVERSION = YES_AGGRESSIVE;
				CLANG_CXX_LANGUAGE_STANDARD = "gnu++14";
				CLANG_CXX_LIBRARY = "libc++";
				CLANG_ENABLE_MODULES = YES;
				CLANG_ENABLE_OBJC_ARC = YES;
				CLANG_ENABLE_OBJC_WEAK = YES;
				CLANG_WARN_BLOCK_CAPTURE_AUTORELEASING = YES;
				CLANG_WARN_BOOL_CONVERSION = YES;
				CLANG_WARN_COMMA = YES;
				CLANG_WARN_CONSTANT_CONVERSION = YES;
				CLANG_WARN_DEPRECATED_OBJC_IMPLEMENTATIONS = YES;
				CLANG_WARN_DIRECT_OBJC_ISA_USAGE = YES_ERROR;
				CLANG_WARN_DOCUMENTATION_COMMENTS = YES;
				CLANG_WARN_EMPTY_BODY = YES;
				CLANG_WARN_ENUM_CONVERSION = YES;
				CLANG_WARN_INFINITE_RECURSION = YES;
				CLANG_WARN_INT_CONVERSION = YES;
				CLANG_WARN_NON_LITERAL_NULL_CONVERSION = YES;
				CLANG_WARN_OBJC_IMPLICIT_RETAIN_SELF = YES;
				CLANG_WARN_OBJC_LITERAL_CONVERSION = YES;
				CLANG_WARN_OBJC_ROOT_CLASS = YES_ERROR;
				CLANG_WARN_RANGE_LOOP_ANALYSIS = YES;
				CLANG_WARN_STRICT_PROTOTYPES = YES;
				CLANG_WARN_SUSPICIOUS_MOVE = YES;
				CLANG_WARN_UNGUARDED_AVAILABILITY = YES_AGGRESSIVE;
				CLANG_WARN_UNREACHABLE_CODE = YES;
				CLANG_WARN__DUPLICATE_METHOD_MATCH = YES;
				CODE_SIGN_IDENTITY = "iPhone Developer";
				COPY_PHASE_STRIP = NO;
				DEBUG_INFORMATION_FORMAT = "dwarf-with-dsym";
				ENABLE_NS_ASSERTIONS = NO;
				ENABLE_STRICT_OBJC_MSGSEND = YES;
				GCC_C_LANGUAGE_STANDARD = gnu11;
				GCC_NO_COMMON_BLOCKS = YES;
				GCC_WARN_64_TO_32_BIT_CONVERSION = YES;
				GCC_WARN_ABOUT_RETURN_TYPE = YES_ERROR;
				GCC_WARN_UNDECLARED_SELECTOR = YES;
				GCC_WARN_UNINITIALIZED_AUTOS = YES_AGGRESSIVE;
				GCC_WARN_UNUSED_FUNCTION = YES;
				GCC_WARN_UNUSED_VARIABLE = YES;
				IPHONEOS_DEPLOYMENT_TARGET = 12.1;
				MTL_ENABLE_DEBUG_INFO = NO;
				MTL_FAST_MATH = YES;
				SDKROOT = iphoneos;
				SWIFT_COMPILATION_MODE = wholemodule;
				SWIFT_OPTIMIZATION_LEVEL = "-O";
				VALIDATE_PRODUCT = YES;
			};
			name = Release;
		};
		1131966B21D5F34F00B3D1C1 /* Debug */ = {
			isa = XCBuildConfiguration;
			baseConfigurationReference = AB0F9E2F924CEB7F69109E44 /* Pods-LBTAPodcast.debug.xcconfig */;
			buildSettings = {
				ASSETCATALOG_COMPILER_APPICON_NAME = AppIcon;
				CODE_SIGN_STYLE = Automatic;
				INFOPLIST_FILE = LBTAPodcast/Info.plist;
				LD_RUNPATH_SEARCH_PATHS = (
					"$(inherited)",
					"@executable_path/Frameworks",
				);
				PRODUCT_BUNDLE_IDENTIFIER = com.adityadaniel.LBTAPodcast;
				PRODUCT_NAME = "$(TARGET_NAME)";
				SWIFT_VERSION = 4.2;
				TARGETED_DEVICE_FAMILY = "1,2";
			};
			name = Debug;
		};
		1131966C21D5F34F00B3D1C1 /* Release */ = {
			isa = XCBuildConfiguration;
			baseConfigurationReference = 7FE621B5FDA0C3103F88F55C /* Pods-LBTAPodcast.release.xcconfig */;
			buildSettings = {
				ASSETCATALOG_COMPILER_APPICON_NAME = AppIcon;
				CODE_SIGN_STYLE = Automatic;
				INFOPLIST_FILE = LBTAPodcast/Info.plist;
				LD_RUNPATH_SEARCH_PATHS = (
					"$(inherited)",
					"@executable_path/Frameworks",
				);
				PRODUCT_BUNDLE_IDENTIFIER = com.adityadaniel.LBTAPodcast;
				PRODUCT_NAME = "$(TARGET_NAME)";
				SWIFT_VERSION = 4.2;
				TARGETED_DEVICE_FAMILY = "1,2";
			};
			name = Release;
		};
/* End XCBuildConfiguration section */

/* Begin XCConfigurationList section */
		1131965321D5F34D00B3D1C1 /* Build configuration list for PBXProject "LBTAPodcast" */ = {
			isa = XCConfigurationList;
			buildConfigurations = (
				1131966821D5F34F00B3D1C1 /* Debug */,
				1131966921D5F34F00B3D1C1 /* Release */,
			);
			defaultConfigurationIsVisible = 0;
			defaultConfigurationName = Release;
		};
		1131966A21D5F34F00B3D1C1 /* Build configuration list for PBXNativeTarget "LBTAPodcast" */ = {
			isa = XCConfigurationList;
			buildConfigurations = (
				1131966B21D5F34F00B3D1C1 /* Debug */,
				1131966C21D5F34F00B3D1C1 /* Release */,
			);
			defaultConfigurationIsVisible = 0;
			defaultConfigurationName = Release;
		};
/* End XCConfigurationList section */
	};
	rootObject = 1131965021D5F34D00B3D1C1 /* Project object */;
}
